
Microsoft Visual Studio Solution File, Format Version 12.00
# Visual Studio Version 17
VisualStudioVersion = 17.14.36221.1 d17.14
MinimumVisualStudioVersion = 10.0.40219.1
Project("{FAE04EC0-301F-11D3-BF4B-00C04F79EFBC}") = "KafkaChatProducer", "KafkaChatProducer\KafkaChatProducer.csproj", "{845B508A-7687-4D9C-87F6-212384025D97}"
EndProject
Project("{FAE04EC0-301F-11D3-BF4B-00C04F79EFBC}") = "KafkaChatConsumer", "KafkaChatConsumer\KafkaChatConsumer.csproj", "{D412B826-3910-4213-9AD5-098E979CC5F5}"
EndProject
Project("{FAE04EC0-301F-11D3-BF4B-00C04F79EFBC}") = "KafkaChatUI", "KafkaChatUI\KafkaChatUI.csproj", "{27F89CFA-B13E-4578-95CB-6CCBE7B63630}"
EndProject
Global
	GlobalSection(SolutionConfigurationPlatforms) = preSolution
		Debug|Any CPU = Debug|Any CPU
		Release|Any CPU = Release|Any CPU
	EndGlobalSection
	GlobalSection(ProjectConfigurationPlatforms) = postSolution
		{845B508A-7687-4D9C-87F6-212384025D97}.Debug|Any CPU.ActiveCfg = Debug|Any CPU
		{845B508A-7687-4D9C-87F6-212384025D97}.Debug|Any CPU.Build.0 = Debug|Any CPU
		{845B508A-7687-4D9C-87F6-212384025D97}.Release|Any CPU.ActiveCfg = Release|Any CPU
		{845B508A-7687-4D9C-87F6-212384025D97}.Release|Any CPU.Build.0 = Release|Any CPU
		{D412B826-3910-4213-9AD5-098E979CC5F5}.Debug|Any CPU.ActiveCfg = Debug|Any CPU
		{D412B826-3910-4213-9AD5-098E979CC5F5}.Debug|Any CPU.Build.0 = Debug|Any CPU
		{D412B826-3910-4213-9AD5-098E979CC5F5}.Release|Any CPU.ActiveCfg = Release|Any CPU
		{D412B826-3910-4213-9AD5-098E979CC5F5}.Release|Any CPU.Build.0 = Release|Any CPU
		{27F89CFA-B13E-4578-95CB-6CCBE7B63630}.Debug|Any CPU.ActiveCfg = Debug|Any CPU
		{27F89CFA-B13E-4578-95CB-6CCBE7B63630}.Debug|Any CPU.Build.0 = Debug|Any CPU
		{27F89CFA-B13E-4578-95CB-6CCBE7B63630}.Release|Any CPU.ActiveCfg = Release|Any CPU
		{27F89CFA-B13E-4578-95CB-6CCBE7B63630}.Release|Any CPU.Build.0 = Release|Any CPU
	EndGlobalSection
	GlobalSection(SolutionProperties) = preSolution
		HideSolutionNode = FALSE
	EndGlobalSection
	GlobalSection(ExtensibilityGlobals) = postSolution
		SolutionGuid = {18A2C2A5-92F6-48A0-9FE8-4C391336A954}
	EndGlobalSection
EndGlobal
